
Microsoft Visual Studio Solution File, Format Version 12.00
# Visual Studio 2013
VisualStudioVersion = 12.0.31101.0
MinimumVisualStudioVersion = 10.0.40219.1
Project("{FAE04EC0-301F-11D3-BF4B-00C04F79EFBC}") = "TreeAndTreeOperations", "TreeAndTreeOperations\TreeAndTreeOperations.csproj", "{8916477B-E04E-48F8-8AB7-AB9D29A41829}"
EndProject
Project("{FAE04EC0-301F-11D3-BF4B-00C04F79EFBC}") = "GenericBinaryTree", "GenericBinaryTree\GenericBinaryTree.csproj", "{29491EA0-6EAE-4D59-A812-B67000CD5B45}"
EndProject
Project("{FAE04EC0-301F-11D3-BF4B-00C04F79EFBC}") = "Hashtables-Dictionaries-Sets", "HashTablesAndDictionaries\Hashtables-Dictionaries-Sets\Hashtables-Dictionaries-Sets.csproj", "{393998A4-C732-4AF4-A561-59C49BE07BFD}"
EndProject
Project("{FAE04EC0-301F-11D3-BF4B-00C04F79EFBC}") = "HashTableTests", "HashTablesAndDictionaries\HashTableTests\HashTableTests.csproj", "{398473ED-1EC8-46A4-96BA-AA3B026E6E61}"
EndProject
Global
	GlobalSection(SolutionConfigurationPlatforms) = preSolution
		Debug|Any CPU = Debug|Any CPU
		Release|Any CPU = Release|Any CPU
	EndGlobalSection
	GlobalSection(ProjectConfigurationPlatforms) = postSolution
		{8916477B-E04E-48F8-8AB7-AB9D29A41829}.Debug|Any CPU.ActiveCfg = Debug|Any CPU
		{8916477B-E04E-48F8-8AB7-AB9D29A41829}.Debug|Any CPU.Build.0 = Debug|Any CPU
		{8916477B-E04E-48F8-8AB7-AB9D29A41829}.Release|Any CPU.ActiveCfg = Release|Any CPU
		{8916477B-E04E-48F8-8AB7-AB9D29A41829}.Release|Any CPU.Build.0 = Release|Any CPU
		{29491EA0-6EAE-4D59-A812-B67000CD5B45}.Debug|Any CPU.ActiveCfg = Debug|Any CPU
		{29491EA0-6EAE-4D59-A812-B67000CD5B45}.Debug|Any CPU.Build.0 = Debug|Any CPU
		{29491EA0-6EAE-4D59-A812-B67000CD5B45}.Release|Any CPU.ActiveCfg = Release|Any CPU
		{29491EA0-6EAE-4D59-A812-B67000CD5B45}.Release|Any CPU.Build.0 = Release|Any CPU
		{393998A4-C732-4AF4-A561-59C49BE07BFD}.Debug|Any CPU.ActiveCfg = Debug|Any CPU
		{393998A4-C732-4AF4-A561-59C49BE07BFD}.Debug|Any CPU.Build.0 = Debug|Any CPU
		{393998A4-C732-4AF4-A561-59C49BE07BFD}.Release|Any CPU.ActiveCfg = Release|Any CPU
		{393998A4-C732-4AF4-A561-59C49BE07BFD}.Release|Any CPU.Build.0 = Release|Any CPU
		{398473ED-1EC8-46A4-96BA-AA3B026E6E61}.Debug|Any CPU.ActiveCfg = Debug|Any CPU
		{398473ED-1EC8-46A4-96BA-AA3B026E6E61}.Debug|Any CPU.Build.0 = Debug|Any CPU
		{398473ED-1EC8-46A4-96BA-AA3B026E6E61}.Release|Any CPU.ActiveCfg = Release|Any CPU
		{398473ED-1EC8-46A4-96BA-AA3B026E6E61}.Release|Any CPU.Build.0 = Release|Any CPU
	EndGlobalSection
	GlobalSection(SolutionProperties) = preSolution
		HideSolutionNode = FALSE
	EndGlobalSection
EndGlobal
